
Microsoft Visual Studio Solution File, Format Version 12.00
# Visual Studio 15
VisualStudioVersion = 15.0.28010.2041
MinimumVisualStudioVersion = 10.0.40219.1
Project("{8BC9CEB8-8B4A-11D0-8D11-00A0C91BC942}") = "Project1", "Project1\Project1.vcxproj", "{D013ACA2-B3C9-4AB4-8F12-D1C63134931E}"
EndProject
Global
	GlobalSection(SolutionConfigurationPlatforms) = preSolution
		Debug|x64 = Debug|x64
		Debug|x86 = Debug|x86
		Release|x64 = Release|x64
		Release|x86 = Release|x86
	EndGlobalSection
	GlobalSection(ProjectConfigurationPlatforms) = postSolution
		{D013ACA2-B3C9-4AB4-8F12-D1C63134931E}.Debug|x64.ActiveCfg = Debug|x64
		{D013ACA2-B3C9-4AB4-8F12-D1C63134931E}.Debug|x64.Build.0 = Debug|x64
		{D013ACA2-B3C9-4AB4-8F12-D1C63134931E}.Debug|x86.ActiveCfg = Debug|Win32
		{D013ACA2-B3C9-4AB4-8F12-D1C63134931E}.Debug|x86.Build.0 = Debug|Win32
		{D013ACA2-B3C9-4AB4-8F12-D1C63134931E}.Release|x64.ActiveCfg = Release|x64
		{D013ACA2-B3C9-4AB4-8F12-D1C63134931E}.Release|x64.Build.0 = Release|x64
		{D013ACA2-B3C9-4AB4-8F12-D1C63134931E}.Release|x86.ActiveCfg = Release|Win32
		{D013ACA2-B3C9-4AB4-8F12-D1C63134931E}.Release|x86.Build.0 = Release|Win32
	EndGlobalSection
	GlobalSection(SolutionProperties) = preSolution
		HideSolutionNode = FALSE
	EndGlobalSection
	GlobalSection(ExtensibilityGlobals) = postSolution
		SolutionGuid = {3D5B61E9-EE5C-42E3-9D6B-A7F4D486D7BA}
	EndGlobalSection
EndGlobal
